{
  "version": 4,
  "terraform_version": "1.11.4",
  "serial": 5,
  "lineage": "76128ee5-09f6-bd70-82b0-ad3d8c5f567f",
  "outputs": {
    "db_backend": {
      "value": {
        "arn": "arn:aws:dynamodb:eu-west-1:267084114047:table/terraform-state-267084114047-elb-app-infra-1",
        "attribute": [
          {
            "name": "LockID",
            "type": "S"
          }
        ],
        "billing_mode": "PAY_PER_REQUEST",
        "deletion_protection_enabled": false,
        "global_secondary_index": [],
        "hash_key": "LockID",
        "id": "terraform-state-267084114047-elb-app-infra-1",
        "local_secondary_index": [],
        "name": "terraform-state-267084114047-elb-app-infra-1",
        "point_in_time_recovery": [
          {
            "enabled": false
          }
        ],
        "range_key": null,
        "read_capacity": 0,
        "replica": [],
        "restore_date_time": null,
        "restore_source_name": null,
        "restore_to_latest_time": null,
        "server_side_encryption": [],
        "stream_arn": "",
        "stream_enabled": false,
        "stream_label": "",
        "stream_view_type": "",
        "table_class": "STANDARD",
        "tags": null,
        "tags_all": {},
        "timeouts": null,
        "ttl": [
          {
            "attribute_name": "",
            "enabled": false
          }
        ],
        "write_capacity": 0
      },
      "type": [
        "object",
        {
          "arn": "string",
          "attribute": [
            "set",
            [
              "object",
              {
                "name": "string",
                "type": "string"
              }
            ]
          ],
          "billing_mode": "string",
          "deletion_protection_enabled": "bool",
          "global_secondary_index": [
            "set",
            [
              "object",
              {
                "hash_key": "string",
                "name": "string",
                "non_key_attributes": [
                  "set",
                  "string"
                ],
                "projection_type": "string",
                "range_key": "string",
                "read_capacity": "number",
                "write_capacity": "number"
              }
            ]
          ],
          "hash_key": "string",
          "id": "string",
          "local_secondary_index": [
            "set",
            [
              "object",
              {
                "name": "string",
                "non_key_attributes": [
                  "list",
                  "string"
                ],
                "projection_type": "string",
                "range_key": "string"
              }
            ]
          ],
          "name": "string",
          "point_in_time_recovery": [
            "list",
            [
              "object",
              {
                "enabled": "bool"
              }
            ]
          ],
          "range_key": "string",
          "read_capacity": "number",
          "replica": [
            "set",
            [
              "object",
              {
                "arn": "string",
                "kms_key_arn": "string",
                "point_in_time_recovery": "bool",
                "propagate_tags": "bool",
                "region_name": "string",
                "stream_arn": "string",
                "stream_label": "string"
              }
            ]
          ],
          "restore_date_time": "string",
          "restore_source_name": "string",
          "restore_to_latest_time": "bool",
          "server_side_encryption": [
            "list",
            [
              "object",
              {
                "enabled": "bool",
                "kms_key_arn": "string"
              }
            ]
          ],
          "stream_arn": "string",
          "stream_enabled": "bool",
          "stream_label": "string",
          "stream_view_type": "string",
          "table_class": "string",
          "tags": [
            "map",
            "string"
          ],
          "tags_all": [
            "map",
            "string"
          ],
          "timeouts": [
            "object",
            {
              "create": "string",
              "delete": "string",
              "update": "string"
            }
          ],
          "ttl": [
            "list",
            [
              "object",
              {
                "attribute_name": "string",
                "enabled": "bool"
              }
            ]
          ],
          "write_capacity": "number"
        }
      ]
    },
    "s3_backend": {
      "value": "terraform-state-267084114047-elb-app-infra-1.s3.amazonaws.com",
      "type": "string"
    }
  },
  "resources": [
    {
      "mode": "data",
      "type": "aws_caller_identity",
      "name": "current",
      "provider": "provider[\"registry.terraform.io/hashicorp/aws\"]",
      "instances": [
        {
          "schema_version": 0,
          "attributes": {
            "account_id": "267084114047",
            "arn": "arn:aws:iam::267084114047:user/joshuakhoza09",
            "id": "267084114047",
            "user_id": "AIDAT4L3UFB774BGXGYN4"
          },
          "sensitive_attributes": []
        }
      ]
    },
    {
      "mode": "data",
      "type": "aws_partition",
      "name": "current",
      "provider": "provider[\"registry.terraform.io/hashicorp/aws\"]",
      "instances": [
        {
          "schema_version": 0,
          "attributes": {
            "dns_suffix": "amazonaws.com",
            "id": "aws",
            "partition": "aws",
            "reverse_dns_prefix": "com.amazonaws"
          },
          "sensitive_attributes": []
        }
      ]
    },
    {
      "mode": "data",
      "type": "aws_region",
      "name": "current",
      "provider": "provider[\"registry.terraform.io/hashicorp/aws\"]",
      "instances": [
        {
          "schema_version": 0,
          "attributes": {
            "description": "Europe (Ireland)",
            "endpoint": "ec2.eu-west-1.amazonaws.com",
            "id": "eu-west-1",
            "name": "eu-west-1"
          },
          "sensitive_attributes": []
        }
      ]
    },
    {
      "mode": "managed",
      "type": "aws_dynamodb_table",
      "name": "stateLockTable",
      "provider": "provider[\"registry.terraform.io/hashicorp/aws\"]",
      "instances": [
        {
          "schema_version": 1,
          "attributes": {
            "arn": "arn:aws:dynamodb:eu-west-1:267084114047:table/terraform-state-267084114047-elb-app-infra-1",
            "attribute": [
              {
                "name": "LockID",
                "type": "S"
              }
            ],
            "billing_mode": "PAY_PER_REQUEST",
            "deletion_protection_enabled": false,
            "global_secondary_index": [],
            "hash_key": "LockID",
            "id": "terraform-state-267084114047-elb-app-infra-1",
            "local_secondary_index": [],
            "name": "terraform-state-267084114047-elb-app-infra-1",
            "point_in_time_recovery": [
              {
                "enabled": false
              }
            ],
            "range_key": null,
            "read_capacity": 0,
            "replica": [],
            "restore_date_time": null,
            "restore_source_name": null,
            "restore_to_latest_time": null,
            "server_side_encryption": [],
            "stream_arn": "",
            "stream_enabled": false,
            "stream_label": "",
            "stream_view_type": "",
            "table_class": "STANDARD",
            "tags": null,
            "tags_all": {},
            "timeouts": null,
            "ttl": [
              {
                "attribute_name": "",
                "enabled": false
              }
            ],
            "write_capacity": 0
          },
          "sensitive_attributes": [],
          "private": "eyJlMmJmYjczMC1lY2FhLTExZTYtOGY4OC0zNDM2M2JjN2M0YzAiOnsiY3JlYXRlIjoxODAwMDAwMDAwMDAwLCJkZWxldGUiOjYwMDAwMDAwMDAwMCwidXBkYXRlIjozNjAwMDAwMDAwMDAwfSwic2NoZW1hX3ZlcnNpb24iOiIxIn0=",
          "dependencies": [
            "data.aws_caller_identity.current"
          ]
        }
      ]
    },
    {
      "mode": "managed",
      "type": "aws_s3_bucket",
      "name": "state_bucket",
      "provider": "provider[\"registry.terraform.io/hashicorp/aws\"]",
      "instances": [
        {
          "schema_version": 0,
          "attributes": {
            "acceleration_status": "",
            "acl": null,
            "arn": "arn:aws:s3:::terraform-state-267084114047-elb-app-infra-1",
            "bucket": "terraform-state-267084114047-elb-app-infra-1",
            "bucket_domain_name": "terraform-state-267084114047-elb-app-infra-1.s3.amazonaws.com",
            "bucket_prefix": "",
            "bucket_regional_domain_name": "terraform-state-267084114047-elb-app-infra-1.s3.eu-west-1.amazonaws.com",
            "cors_rule": [],
            "force_destroy": false,
            "grant": [
              {
                "id": "964355eb62aebd6e43e8c41f40a42d0ce714f5559189c9908e6b2cfae43785f0",
                "permissions": [
                  "FULL_CONTROL"
                ],
                "type": "CanonicalUser",
                "uri": ""
              }
            ],
            "hosted_zone_id": "Z1BKCTXD74EZPE",
            "id": "terraform-state-267084114047-elb-app-infra-1",
            "lifecycle_rule": [],
            "logging": [],
            "object_lock_configuration": [],
            "object_lock_enabled": false,
            "policy": "",
            "region": "eu-west-1",
            "replication_configuration": [],
            "request_payer": "BucketOwner",
            "server_side_encryption_configuration": [
              {
                "rule": [
                  {
                    "apply_server_side_encryption_by_default": [
                      {
                        "kms_master_key_id": "",
                        "sse_algorithm": "AES256"
                      }
                    ],
                    "bucket_key_enabled": false
                  }
                ]
              }
            ],
            "tags": null,
            "tags_all": {},
            "timeouts": null,
            "versioning": [
              {
                "enabled": true,
                "mfa_delete": false
              }
            ],
            "website": [],
            "website_domain": null,
            "website_endpoint": null
          },
          "sensitive_attributes": [],
          "private": "eyJlMmJmYjczMC1lY2FhLTExZTYtOGY4OC0zNDM2M2JjN2M0YzAiOnsiY3JlYXRlIjoxMjAwMDAwMDAwMDAwLCJkZWxldGUiOjM2MDAwMDAwMDAwMDAsInJlYWQiOjEyMDAwMDAwMDAwMDAsInVwZGF0ZSI6MTIwMDAwMDAwMDAwMH19",
          "dependencies": [
            "data.aws_caller_identity.current"
          ]
        }
      ]
    },
    {
      "mode": "managed",
      "type": "aws_s3_bucket_policy",
      "name": "data_bucket_policy",
      "provider": "provider[\"registry.terraform.io/hashicorp/aws\"]",
      "instances": [
        {
          "schema_version": 0,
          "attributes": {
            "bucket": "terraform-state-267084114047-elb-app-infra-1",
            "id": "terraform-state-267084114047-elb-app-infra-1",
            "policy": "{\"Id\":\"bucket_policy_terraform-state-267084114047-elb-app-infra-1\",\"Statement\":[{\"Action\":\"s3:*\",\"Condition\":{\"Bool\":{\"aws:SecureTransport\":\"false\"}},\"Effect\":\"Deny\",\"Principal\":\"*\",\"Resource\":[\"arn:aws:s3:::terraform-state-267084114047-elb-app-infra-1/*\",\"arn:aws:s3:::terraform-state-267084114047-elb-app-infra-1\"],\"Sid\":\"AllowSSLRequestsOnly\"}],\"Version\":\"2012-10-17\"}"
          },
          "sensitive_attributes": [],
          "private": "bnVsbA==",
          "dependencies": [
            "aws_s3_bucket.state_bucket",
            "data.aws_caller_identity.current",
            "data.aws_partition.current"
          ]
        }
      ]
    }
  ],
  "check_results": null
}
